
Microsoft Visual Studio Solution File, Format Version 12.00
# Visual Studio Version 17
VisualStudioVersion = 17.13.35806.99 d17.13
MinimumVisualStudioVersion = 10.0.40219.1
Project("{FAE04EC0-301F-11D3-BF4B-00C04F79EFBC}") = "Contacts.Maui", "Contacts.Maui\Contacts.Maui.csproj", "{F389BAAF-6306-4888-8935-FE609B945D72}"
EndProject
Global
	GlobalSection(SolutionConfigurationPlatforms) = preSolution
		Debug|Any CPU = Debug|Any CPU
		Release|Any CPU = Release|Any CPU
	EndGlobalSection
	GlobalSection(ProjectConfigurationPlatforms) = postSolution
		{F389BAAF-6306-4888-8935-FE609B945D72}.Debug|Any CPU.ActiveCfg = Debug|Any CPU
		{F389BAAF-6306-4888-8935-FE609B945D72}.Debug|Any CPU.Build.0 = Debug|Any CPU
		{F389BAAF-6306-4888-8935-FE609B945D72}.Release|Any CPU.ActiveCfg = Release|Any CPU
		{F389BAAF-6306-4888-8935-FE609B945D72}.Release|Any CPU.Build.0 = Release|Any CPU
	EndGlobalSection
	GlobalSection(SolutionProperties) = preSolution
		HideSolutionNode = FALSE
	EndGlobalSection
	GlobalSection(ExtensibilityGlobals) = postSolution
		SolutionGuid = {758A4487-A79D-4869-972D-493D4EEC84A0}
	EndGlobalSection
EndGlobal
